
Microsoft Visual Studio Solution File, Format Version 12.00
# Visual Studio Version 17
VisualStudioVersion = 17.3.32825.248
MinimumVisualStudioVersion = 10.0.40219.1
Project("{FAE04EC0-301F-11D3-BF4B-00C04F79EFBC}") = "Loop_Programs", "Loop_Programs\Loop_Programs.csproj", "{16E9DE39-94F4-41DD-85FA-F7F095078685}"
EndProject
Project("{FAE04EC0-301F-11D3-BF4B-00C04F79EFBC}") = "Print_number", "Print_number\Print_number.csproj", "{5F78448D-3474-453B-A621-F335F99BFDE4}"
EndProject
Project("{FAE04EC0-301F-11D3-BF4B-00C04F79EFBC}") = "Print_evenno", "Print_evenno\Print_evenno.csproj", "{26F3934C-452A-490B-ABC1-3DDA90CA1B5F}"
EndProject
Project("{FAE04EC0-301F-11D3-BF4B-00C04F79EFBC}") = "Print_Oddno", "Print_Oddno\Print_Oddno.csproj", "{347AA0A6-EFC1-4937-A929-EDAAA9838BC2}"
EndProject
Project("{FAE04EC0-301F-11D3-BF4B-00C04F79EFBC}") = "Print_ArithmeticTable", "Print_ArithmeticTable\Print_ArithmeticTable.csproj", "{183E3BF0-229F-4B8D-B0A3-84536406C7E0}"
EndProject
Project("{FAE04EC0-301F-11D3-BF4B-00C04F79EFBC}") = "Print_numbersdiv_by5", "Print_numbersdiv_by5\Print_numbersdiv_by5.csproj", "{FF50DD8D-9D58-4A3E-B4A0-579373861946}"
EndProject
Global
	GlobalSection(SolutionConfigurationPlatforms) = preSolution
		Debug|Any CPU = Debug|Any CPU
		Release|Any CPU = Release|Any CPU
	EndGlobalSection
	GlobalSection(ProjectConfigurationPlatforms) = postSolution
		{16E9DE39-94F4-41DD-85FA-F7F095078685}.Debug|Any CPU.ActiveCfg = Debug|Any CPU
		{16E9DE39-94F4-41DD-85FA-F7F095078685}.Debug|Any CPU.Build.0 = Debug|Any CPU
		{16E9DE39-94F4-41DD-85FA-F7F095078685}.Release|Any CPU.ActiveCfg = Release|Any CPU
		{16E9DE39-94F4-41DD-85FA-F7F095078685}.Release|Any CPU.Build.0 = Release|Any CPU
		{5F78448D-3474-453B-A621-F335F99BFDE4}.Debug|Any CPU.ActiveCfg = Debug|Any CPU
		{5F78448D-3474-453B-A621-F335F99BFDE4}.Debug|Any CPU.Build.0 = Debug|Any CPU
		{5F78448D-3474-453B-A621-F335F99BFDE4}.Release|Any CPU.ActiveCfg = Release|Any CPU
		{5F78448D-3474-453B-A621-F335F99BFDE4}.Release|Any CPU.Build.0 = Release|Any CPU
		{26F3934C-452A-490B-ABC1-3DDA90CA1B5F}.Debug|Any CPU.ActiveCfg = Debug|Any CPU
		{26F3934C-452A-490B-ABC1-3DDA90CA1B5F}.Debug|Any CPU.Build.0 = Debug|Any CPU
		{26F3934C-452A-490B-ABC1-3DDA90CA1B5F}.Release|Any CPU.ActiveCfg = Release|Any CPU
		{26F3934C-452A-490B-ABC1-3DDA90CA1B5F}.Release|Any CPU.Build.0 = Release|Any CPU
		{347AA0A6-EFC1-4937-A929-EDAAA9838BC2}.Debug|Any CPU.ActiveCfg = Debug|Any CPU
		{347AA0A6-EFC1-4937-A929-EDAAA9838BC2}.Debug|Any CPU.Build.0 = Debug|Any CPU
		{347AA0A6-EFC1-4937-A929-EDAAA9838BC2}.Release|Any CPU.ActiveCfg = Release|Any CPU
		{347AA0A6-EFC1-4937-A929-EDAAA9838BC2}.Release|Any CPU.Build.0 = Release|Any CPU
		{183E3BF0-229F-4B8D-B0A3-84536406C7E0}.Debug|Any CPU.ActiveCfg = Debug|Any CPU
		{183E3BF0-229F-4B8D-B0A3-84536406C7E0}.Debug|Any CPU.Build.0 = Debug|Any CPU
		{183E3BF0-229F-4B8D-B0A3-84536406C7E0}.Release|Any CPU.ActiveCfg = Release|Any CPU
		{183E3BF0-229F-4B8D-B0A3-84536406C7E0}.Release|Any CPU.Build.0 = Release|Any CPU
		{FF50DD8D-9D58-4A3E-B4A0-579373861946}.Debug|Any CPU.ActiveCfg = Debug|Any CPU
		{FF50DD8D-9D58-4A3E-B4A0-579373861946}.Debug|Any CPU.Build.0 = Debug|Any CPU
		{FF50DD8D-9D58-4A3E-B4A0-579373861946}.Release|Any CPU.ActiveCfg = Release|Any CPU
		{FF50DD8D-9D58-4A3E-B4A0-579373861946}.Release|Any CPU.Build.0 = Release|Any CPU
	EndGlobalSection
	GlobalSection(SolutionProperties) = preSolution
		HideSolutionNode = FALSE
	EndGlobalSection
	GlobalSection(ExtensibilityGlobals) = postSolution
		SolutionGuid = {4B24C9C6-E99A-4C93-A76D-7608E00E67B1}
	EndGlobalSection
EndGlobal
